
Microsoft Visual Studio Solution File, Format Version 12.00
# Visual Studio Version 17
VisualStudioVersion = 17.6.33829.357
MinimumVisualStudioVersion = 10.0.40219.1
Project("{FAE04EC0-301F-11D3-BF4B-00C04F79EFBC}") = "SA.AUTApp.UI", "SA.AUTApp.UI.csproj", "{3E9AFAE3-5E43-47D6-8CC7-588960C042FF}"
EndProject
Project("{FAE04EC0-301F-11D3-BF4B-00C04F79EFBC}") = "SA.AUTApp.DAL", "..\SA.AUTApp.DAL\SA.AUTApp.DAL.csproj", "{33164A7F-94B7-4B21-8CFB-2CAF0F103E8C}"
EndProject
Project("{FAE04EC0-301F-11D3-BF4B-00C04F79EFBC}") = "SA.AUTApp.BLL", "..\SA.AUTApp.BLL\SA.AUTApp.BLL.csproj", "{DE2D76EA-8930-48A4-B16D-D866C9DAF267}"
EndProject
Project("{FAE04EC0-301F-11D3-BF4B-00C04F79EFBC}") = "SA.AUTApp.Entity", "..\SA.AUTApp.Entity\SA.AUTApp.Entity.csproj", "{5B745C99-DFA2-4AD4-AF27-B24749BC7FCA}"
EndProject
Global
	GlobalSection(SolutionConfigurationPlatforms) = preSolution
		Debug|Any CPU = Debug|Any CPU
		Release|Any CPU = Release|Any CPU
	EndGlobalSection
	GlobalSection(ProjectConfigurationPlatforms) = postSolution
		{3E9AFAE3-5E43-47D6-8CC7-588960C042FF}.Debug|Any CPU.ActiveCfg = Debug|Any CPU
		{3E9AFAE3-5E43-47D6-8CC7-588960C042FF}.Debug|Any CPU.Build.0 = Debug|Any CPU
		{3E9AFAE3-5E43-47D6-8CC7-588960C042FF}.Release|Any CPU.ActiveCfg = Release|Any CPU
		{3E9AFAE3-5E43-47D6-8CC7-588960C042FF}.Release|Any CPU.Build.0 = Release|Any CPU
		{33164A7F-94B7-4B21-8CFB-2CAF0F103E8C}.Debug|Any CPU.ActiveCfg = Debug|Any CPU
		{33164A7F-94B7-4B21-8CFB-2CAF0F103E8C}.Debug|Any CPU.Build.0 = Debug|Any CPU
		{33164A7F-94B7-4B21-8CFB-2CAF0F103E8C}.Release|Any CPU.ActiveCfg = Release|Any CPU
		{33164A7F-94B7-4B21-8CFB-2CAF0F103E8C}.Release|Any CPU.Build.0 = Release|Any CPU
		{DE2D76EA-8930-48A4-B16D-D866C9DAF267}.Debug|Any CPU.ActiveCfg = Debug|Any CPU
		{DE2D76EA-8930-48A4-B16D-D866C9DAF267}.Debug|Any CPU.Build.0 = Debug|Any CPU
		{DE2D76EA-8930-48A4-B16D-D866C9DAF267}.Release|Any CPU.ActiveCfg = Release|Any CPU
		{DE2D76EA-8930-48A4-B16D-D866C9DAF267}.Release|Any CPU.Build.0 = Release|Any CPU
		{5B745C99-DFA2-4AD4-AF27-B24749BC7FCA}.Debug|Any CPU.ActiveCfg = Debug|Any CPU
		{5B745C99-DFA2-4AD4-AF27-B24749BC7FCA}.Debug|Any CPU.Build.0 = Debug|Any CPU
		{5B745C99-DFA2-4AD4-AF27-B24749BC7FCA}.Release|Any CPU.ActiveCfg = Release|Any CPU
		{5B745C99-DFA2-4AD4-AF27-B24749BC7FCA}.Release|Any CPU.Build.0 = Release|Any CPU
	EndGlobalSection
	GlobalSection(SolutionProperties) = preSolution
		HideSolutionNode = FALSE
	EndGlobalSection
	GlobalSection(ExtensibilityGlobals) = postSolution
		SolutionGuid = {EA058A76-A815-4FD9-BDC6-46DAFBA2D1DB}
	EndGlobalSection
EndGlobal
